
Microsoft Visual Studio Solution File, Format Version 12.00
# Visual Studio Version 17
VisualStudioVersion = 17.14.36401.2
MinimumVisualStudioVersion = 10.0.40219.1
Project("{FAE04EC0-301F-11D3-BF4B-00C04F79EFBC}") = "CpuUsageSleep", "CpuUsageSleep.csproj", "{DC5B2ECE-859C-4B3F-8757-77B5BA0CCE75}"
EndProject
Global
	GlobalSection(SolutionConfigurationPlatforms) = preSolution
		Debug|Any CPU = Debug|Any CPU
		Debug|x64 = Debug|x64
		Release|Any CPU = Release|Any CPU
		Release|x64 = Release|x64
	EndGlobalSection
	GlobalSection(ProjectConfigurationPlatforms) = postSolution
		{DC5B2ECE-859C-4B3F-8757-77B5BA0CCE75}.Debug|Any CPU.ActiveCfg = Debug|Any CPU
		{DC5B2ECE-859C-4B3F-8757-77B5BA0CCE75}.Debug|Any CPU.Build.0 = Debug|Any CPU
		{DC5B2ECE-859C-4B3F-8757-77B5BA0CCE75}.Debug|x64.ActiveCfg = Debug|x64
		{DC5B2ECE-859C-4B3F-8757-77B5BA0CCE75}.Debug|x64.Build.0 = Debug|x64
		{DC5B2ECE-859C-4B3F-8757-77B5BA0CCE75}.Release|Any CPU.ActiveCfg = Release|Any CPU
		{DC5B2ECE-859C-4B3F-8757-77B5BA0CCE75}.Release|Any CPU.Build.0 = Release|Any CPU
		{DC5B2ECE-859C-4B3F-8757-77B5BA0CCE75}.Release|x64.ActiveCfg = Release|x64
		{DC5B2ECE-859C-4B3F-8757-77B5BA0CCE75}.Release|x64.Build.0 = Release|x64
	EndGlobalSection
	GlobalSection(SolutionProperties) = preSolution
		HideSolutionNode = FALSE
	EndGlobalSection
	GlobalSection(ExtensibilityGlobals) = postSolution
		SolutionGuid = {C9266FFD-6FB6-42CD-9144-80DAF0ADB42A}
	EndGlobalSection
EndGlobal
